
Microsoft Visual Studio Solution File, Format Version 12.00
# Visual Studio Version 17
VisualStudioVersion = 17.9.34723.18
MinimumVisualStudioVersion = 10.0.40219.1
Project("{9A19103F-16F7-4668-BE54-9A1E7A4F7556}") = "BuberDinner.Api", "BuberDinner.Api\BuberDinner.Api.csproj", "{1C2596C9-F462-42FB-968A-E2117CFD51A9}"
EndProject
Project("{9A19103F-16F7-4668-BE54-9A1E7A4F7556}") = "BuberDinner.Contracts", "BuberDinner.Contracts\BuberDinner.Contracts.csproj", "{E5B5C972-68B1-4613-A10E-12BF701B9564}"
EndProject
Project("{9A19103F-16F7-4668-BE54-9A1E7A4F7556}") = "BuberDinner.Infrastructure", "BuberDinner.Infrastructure\BuberDinner.Infrastructure.csproj", "{E43A75DD-00C5-4A6C-9C09-BF33E3B9BEB9}"
EndProject
Project("{9A19103F-16F7-4668-BE54-9A1E7A4F7556}") = "BuberDinner.Application", "BuberDinner.Application\BuberDinner.Application.csproj", "{C7E5061E-A91E-406D-BF4D-65C02BCDD07A}"
EndProject
Project("{9A19103F-16F7-4668-BE54-9A1E7A4F7556}") = "BuberDinner.Domain", "BuberDinner.Domain\BuberDinner.Domain.csproj", "{0A53F4E6-F95B-4185-A692-96BDCF10C5A4}"
EndProject
Global
	GlobalSection(SolutionConfigurationPlatforms) = preSolution
		Debug|Any CPU = Debug|Any CPU
		Release|Any CPU = Release|Any CPU
	EndGlobalSection
	GlobalSection(ProjectConfigurationPlatforms) = postSolution
		{1C2596C9-F462-42FB-968A-E2117CFD51A9}.Debug|Any CPU.ActiveCfg = Debug|Any CPU
		{1C2596C9-F462-42FB-968A-E2117CFD51A9}.Debug|Any CPU.Build.0 = Debug|Any CPU
		{1C2596C9-F462-42FB-968A-E2117CFD51A9}.Release|Any CPU.ActiveCfg = Release|Any CPU
		{1C2596C9-F462-42FB-968A-E2117CFD51A9}.Release|Any CPU.Build.0 = Release|Any CPU
		{E5B5C972-68B1-4613-A10E-12BF701B9564}.Debug|Any CPU.ActiveCfg = Debug|Any CPU
		{E5B5C972-68B1-4613-A10E-12BF701B9564}.Debug|Any CPU.Build.0 = Debug|Any CPU
		{E5B5C972-68B1-4613-A10E-12BF701B9564}.Release|Any CPU.ActiveCfg = Release|Any CPU
		{E5B5C972-68B1-4613-A10E-12BF701B9564}.Release|Any CPU.Build.0 = Release|Any CPU
		{E43A75DD-00C5-4A6C-9C09-BF33E3B9BEB9}.Debug|Any CPU.ActiveCfg = Debug|Any CPU
		{E43A75DD-00C5-4A6C-9C09-BF33E3B9BEB9}.Debug|Any CPU.Build.0 = Debug|Any CPU
		{E43A75DD-00C5-4A6C-9C09-BF33E3B9BEB9}.Release|Any CPU.ActiveCfg = Release|Any CPU
		{E43A75DD-00C5-4A6C-9C09-BF33E3B9BEB9}.Release|Any CPU.Build.0 = Release|Any CPU
		{C7E5061E-A91E-406D-BF4D-65C02BCDD07A}.Debug|Any CPU.ActiveCfg = Debug|Any CPU
		{C7E5061E-A91E-406D-BF4D-65C02BCDD07A}.Debug|Any CPU.Build.0 = Debug|Any CPU
		{C7E5061E-A91E-406D-BF4D-65C02BCDD07A}.Release|Any CPU.ActiveCfg = Release|Any CPU
		{C7E5061E-A91E-406D-BF4D-65C02BCDD07A}.Release|Any CPU.Build.0 = Release|Any CPU
		{0A53F4E6-F95B-4185-A692-96BDCF10C5A4}.Debug|Any CPU.ActiveCfg = Debug|Any CPU
		{0A53F4E6-F95B-4185-A692-96BDCF10C5A4}.Debug|Any CPU.Build.0 = Debug|Any CPU
		{0A53F4E6-F95B-4185-A692-96BDCF10C5A4}.Release|Any CPU.ActiveCfg = Release|Any CPU
		{0A53F4E6-F95B-4185-A692-96BDCF10C5A4}.Release|Any CPU.Build.0 = Release|Any CPU
	EndGlobalSection
	GlobalSection(SolutionProperties) = preSolution
		HideSolutionNode = FALSE
	EndGlobalSection
	GlobalSection(ExtensibilityGlobals) = postSolution
		SolutionGuid = {6DB5C613-C452-4907-A5B3-5D422642A604}
	EndGlobalSection
EndGlobal
